
Microsoft Visual Studio Solution File, Format Version 12.00
# Visual Studio Version 16
VisualStudioVersion = 16.0.32802.440
MinimumVisualStudioVersion = 10.0.40219.1
Project("{FAE04EC0-301F-11D3-BF4B-00C04F79EFBC}") = "LEsssGOOOOOO", "LEsssGOOOOOO\LEsssGOOOOOO.csproj", "{A3FD841D-64AF-43C1-99DF-A79F29C545F3}"
EndProject
Global
	GlobalSection(SolutionConfigurationPlatforms) = preSolution
		Debug|Any CPU = Debug|Any CPU
		Release|Any CPU = Release|Any CPU
	EndGlobalSection
	GlobalSection(ProjectConfigurationPlatforms) = postSolution
		{A3FD841D-64AF-43C1-99DF-A79F29C545F3}.Debug|Any CPU.ActiveCfg = Debug|Any CPU
		{A3FD841D-64AF-43C1-99DF-A79F29C545F3}.Debug|Any CPU.Build.0 = Debug|Any CPU
		{A3FD841D-64AF-43C1-99DF-A79F29C545F3}.Release|Any CPU.ActiveCfg = Release|Any CPU
		{A3FD841D-64AF-43C1-99DF-A79F29C545F3}.Release|Any CPU.Build.0 = Release|Any CPU
	EndGlobalSection
	GlobalSection(SolutionProperties) = preSolution
		HideSolutionNode = FALSE
	EndGlobalSection
	GlobalSection(ExtensibilityGlobals) = postSolution
		SolutionGuid = {0093307E-BBEA-4FCE-826D-4EB997A8E924}
	EndGlobalSection
EndGlobal
